Microsoft Visual Studio Solution File, Format Version 11.00
# Visual Studio 2010
Project("{FAE04EC0-301F-11D3-BF4B-00C04F79EFBC}") = "Assembly-CSharp", "Assembly-CSharp.csproj", "{97069639-8998-FBC7-243C-94B7798DC4FA}"
EndProject
Project("{FAE04EC0-301F-11D3-BF4B-00C04F79EFBC}") = "Assembly-CSharp-Editor", "Assembly-CSharp-Editor.csproj", "{90E53639-5906-5E80-B571-09FD79BD0B5E}"
EndProject
Global
	GlobalSection(SolutionConfigurationPlatforms) = preSolution
		Debug|Any CPU = Debug|Any CPU
		Release|Any CPU = Release|Any CPU
	EndGlobalSection
	GlobalSection(ProjectConfigurationPlatforms) = postSolution
		{97069639-8998-FBC7-243C-94B7798DC4FA}.Debug|Any CPU.ActiveCfg = Debug|Any CPU
		{97069639-8998-FBC7-243C-94B7798DC4FA}.Debug|Any CPU.Build.0 = Debug|Any CPU
		{97069639-8998-FBC7-243C-94B7798DC4FA}.Release|Any CPU.ActiveCfg = Release|Any CPU
		{97069639-8998-FBC7-243C-94B7798DC4FA}.Release|Any CPU.Build.0 = Release|Any CPU
		{90E53639-5906-5E80-B571-09FD79BD0B5E}.Debug|Any CPU.ActiveCfg = Debug|Any CPU
		{90E53639-5906-5E80-B571-09FD79BD0B5E}.Debug|Any CPU.Build.0 = Debug|Any CPU
		{90E53639-5906-5E80-B571-09FD79BD0B5E}.Release|Any CPU.ActiveCfg = Release|Any CPU
		{90E53639-5906-5E80-B571-09FD79BD0B5E}.Release|Any CPU.Build.0 = Release|Any CPU
	EndGlobalSection
	GlobalSection(MonoDevelopProperties) = preSolution
		StartupItem = Assembly-CSharp.csproj
	EndGlobalSection
EndGlobal
